
Microsoft Visual Studio Solution File, Format Version 12.00
# Visual Studio Version 16
VisualStudioVersion = 16.0.31613.86
MinimumVisualStudioVersion = 10.0.40219.1
Project("{9A19103F-16F7-4668-BE54-9A1E7A4F7556}") = "ScreenplayApp.Web", "ScreenplayApp.Web\ScreenplayApp.Web.csproj", "{1107747B-2678-44DA-9359-E34E1C879142}"
EndProject
Project("{2150E333-8FDC-42A3-9474-1A3956D46DE8}") = "src", "src", "{A61127E8-B6C9-412F-A1A1-5B7435412F43}"
EndProject
Project("{2150E333-8FDC-42A3-9474-1A3956D46DE8}") = "test", "test", "{FDF28312-9FCF-4E3C-8A44-AFC8D7DD3D51}"
EndProject
Project("{9A19103F-16F7-4668-BE54-9A1E7A4F7556}") = "ScreenplayApp.Core", "ScreenplayApp.Core\ScreenplayApp.Core.csproj", "{4A8B608F-94E6-493C-AFF8-8B19A1057256}"
EndProject
Project("{9A19103F-16F7-4668-BE54-9A1E7A4F7556}") = "ScreenplayApp.Infrastructure", "ScreenplayApp.Infrastructure\ScreenplayApp.Infrastructure.csproj", "{B57677FD-F05E-4084-96EB-12B6A24CFEEE}"
EndProject
Project("{FAE04EC0-301F-11D3-BF4B-00C04F79EFBC}") = "ScreenplayApp.Test", "ScreenplayApp.Test\ScreenplayApp.Test.csproj", "{756A9AEB-33DC-458F-9FC3-3379EE7E2C19}"
EndProject
Global
	GlobalSection(SolutionConfigurationPlatforms) = preSolution
		Debug|Any CPU = Debug|Any CPU
		Release|Any CPU = Release|Any CPU
	EndGlobalSection
	GlobalSection(ProjectConfigurationPlatforms) = postSolution
		{1107747B-2678-44DA-9359-E34E1C879142}.Debug|Any CPU.ActiveCfg = Debug|Any CPU
		{1107747B-2678-44DA-9359-E34E1C879142}.Debug|Any CPU.Build.0 = Debug|Any CPU
		{1107747B-2678-44DA-9359-E34E1C879142}.Release|Any CPU.ActiveCfg = Release|Any CPU
		{1107747B-2678-44DA-9359-E34E1C879142}.Release|Any CPU.Build.0 = Release|Any CPU
		{4A8B608F-94E6-493C-AFF8-8B19A1057256}.Debug|Any CPU.ActiveCfg = Debug|Any CPU
		{4A8B608F-94E6-493C-AFF8-8B19A1057256}.Debug|Any CPU.Build.0 = Debug|Any CPU
		{4A8B608F-94E6-493C-AFF8-8B19A1057256}.Release|Any CPU.ActiveCfg = Release|Any CPU
		{4A8B608F-94E6-493C-AFF8-8B19A1057256}.Release|Any CPU.Build.0 = Release|Any CPU
		{B57677FD-F05E-4084-96EB-12B6A24CFEEE}.Debug|Any CPU.ActiveCfg = Debug|Any CPU
		{B57677FD-F05E-4084-96EB-12B6A24CFEEE}.Debug|Any CPU.Build.0 = Debug|Any CPU
		{B57677FD-F05E-4084-96EB-12B6A24CFEEE}.Release|Any CPU.ActiveCfg = Release|Any CPU
		{B57677FD-F05E-4084-96EB-12B6A24CFEEE}.Release|Any CPU.Build.0 = Release|Any CPU
		{756A9AEB-33DC-458F-9FC3-3379EE7E2C19}.Debug|Any CPU.ActiveCfg = Debug|Any CPU
		{756A9AEB-33DC-458F-9FC3-3379EE7E2C19}.Debug|Any CPU.Build.0 = Debug|Any CPU
		{756A9AEB-33DC-458F-9FC3-3379EE7E2C19}.Release|Any CPU.ActiveCfg = Release|Any CPU
		{756A9AEB-33DC-458F-9FC3-3379EE7E2C19}.Release|Any CPU.Build.0 = Release|Any CPU
	EndGlobalSection
	GlobalSection(SolutionProperties) = preSolution
		HideSolutionNode = FALSE
	EndGlobalSection
	GlobalSection(NestedProjects) = preSolution
		{1107747B-2678-44DA-9359-E34E1C879142} = {A61127E8-B6C9-412F-A1A1-5B7435412F43}
		{4A8B608F-94E6-493C-AFF8-8B19A1057256} = {A61127E8-B6C9-412F-A1A1-5B7435412F43}
		{B57677FD-F05E-4084-96EB-12B6A24CFEEE} = {A61127E8-B6C9-412F-A1A1-5B7435412F43}
		{756A9AEB-33DC-458F-9FC3-3379EE7E2C19} = {FDF28312-9FCF-4E3C-8A44-AFC8D7DD3D51}
	EndGlobalSection
	GlobalSection(ExtensibilityGlobals) = postSolution
		SolutionGuid = {7F59298A-C9B5-46AC-8C83-455A52C576F1}
	EndGlobalSection
EndGlobal
